// !$*UTF8*$!
{
	archiveVersion = 1;
	classes = {
	};
	objectVersion = 46;
	objects = {

/* Begin PBXBuildFile section */
		7B7142DA1D2A455B0023C4A0 /* main.c in Sources */ = {isa = PBXBuildFile; fileRef = 7B7142D91D2A455B0023C4A0 /* main.c */; };
		7B7142E41D2A489B0023C4A0 /* error.c in Sources */ = {isa = PBXBuildFile; fileRef = 7B7142E21D2A489B0023C4A0 /* error.c */; };
		7B7142E71D2A48B30023C4A0 /* network.c in Sources */ = {isa = PBXBuildFile; fileRef = 7B7142E51D2A48B30023C4A0 /* network.c */; };
		7B7142F01D2A643D0023C4A0 /* echonet_lite.c in Sources */ = {isa = PBXBuildFile; fileRef = 7B7142EE1D2A643D0023C4A0 /* echonet_lite.c */; };
		7BBC043E1D338EBA009771E0 /* EETCC.c in Sources */ = {isa = PBXBuildFile; fileRef = 7BBC043C1D338EBA009771E0 /* EETCC.c */; };
/* End PBXBuildFile section */

/* Begin PBXCopyFilesBuildPhase section */
		7B7142D41D2A455B0023C4A0 /* CopyFiles */ = {
			isa = PBXCopyFilesBuildPhase;
			buildActionMask = 2147483647;
			dstPath = /usr/share/man/man1/;
			dstSubfolderSpec = 0;
			files = (
			);
			runOnlyForDeploymentPostprocessing = 1;
		};
/* End PBXCopyFilesBuildPhase section */

/* Begin PBXFileReference section */
		7B7142D61D2A455B0023C4A0 /* Echonet Lite Master Node */ = {isa = PBXFileReference; explicitFileType = "compiled.mach-o.executable"; includeInIndex = 0; path = "Echonet Lite Master Node"; sourceTree = BUILT_PRODUCTS_DIR; };
		7B7142D91D2A455B0023C4A0 /* main.c */ = {isa = PBXFileReference; lastKnownFileType = sourcecode.c.c; path = main.c; sourceTree = "<group>"; };
		7B7142E21D2A489B0023C4A0 /* error.c */ = {isa = PBXFileReference; fileEncoding = 4; lastKnownFileType = sourcecode.c.c; name = error.c; path = "../../Echonet Lite Test/Echonet Lite Test/error.c"; sourceTree = "<group>"; };
		7B7142E31D2A489B0023C4A0 /* error.h */ = {isa = PBXFileReference; fileEncoding = 4; lastKnownFileType = sourcecode.c.h; name = error.h; path = "../../Echonet Lite Test/Echonet Lite Test/error.h"; sourceTree = "<group>"; };
		7B7142E51D2A48B30023C4A0 /* network.c */ = {isa = PBXFileReference; fileEncoding = 4; lastKnownFileType = sourcecode.c.c; name = network.c; path = "../../Echonet Lite Test/Echonet Lite Test/network.c"; sourceTree = "<group>"; };
		7B7142E81D2A5E8F0023C4A0 /* network.h */ = {isa = PBXFileReference; fileEncoding = 4; lastKnownFileType = sourcecode.c.h; name = network.h; path = "../../Echonet Lite Test/Echonet Lite Test/network.h"; sourceTree = "<group>"; };
		7B7142EE1D2A643D0023C4A0 /* echonet_lite.c */ = {isa = PBXFileReference; fileEncoding = 4; lastKnownFileType = sourcecode.c.c; name = echonet_lite.c; path = "../../Echonet Lite Test/Echonet Lite Test/echonet_lite.c"; sourceTree = "<group>"; };
		7B7142EF1D2A643D0023C4A0 /* echonet_lite.h */ = {isa = PBXFileReference; fileEncoding = 4; lastKnownFileType = sourcecode.c.h; name = echonet_lite.h; path = "../../Echonet Lite Test/Echonet Lite Test/echonet_lite.h"; sourceTree = "<group>"; };
		7BBC043C1D338EBA009771E0 /* EETCC.c */ = {isa = PBXFileReference; fileEncoding = 4; lastKnownFileType = sourcecode.c.c; path = EETCC.c; sourceTree = "<group>"; };
		7BBC043D1D338EBA009771E0 /* EETCC.h */ = {isa = PBXFileReference; fileEncoding = 4; lastKnownFileType = sourcecode.c.h; path = EETCC.h; sourceTree = "<group>"; };
/* End PBXFileReference section */

/* Begin PBXFrameworksBuildPhase section */
		7B7142D31D2A455B0023C4A0 /* Frameworks */ = {
			isa = PBXFrameworksBuildPhase;
			buildActionMask = 2147483647;
			files = (
			);
			runOnlyForDeploymentPostprocessing = 0;
		};
/* End PBXFrameworksBuildPhase section */

/* Begin PBXGroup section */
		7B7142CD1D2A455B0023C4A0 = {
			isa = PBXGroup;
			children = (
				7B7142D81D2A455B0023C4A0 /* Echonet Lite Master Node */,
				7B7142D71D2A455B0023C4A0 /* Products */,
			);
			sourceTree = "<group>";
		};
		7B7142D71D2A455B0023C4A0 /* Products */ = {
			isa = PBXGroup;
			children = (
				7B7142D61D2A455B0023C4A0 /* Echonet Lite Master Node */,
			);
			name = Products;
			sourceTree = "<group>";
		};
		7B7142D81D2A455B0023C4A0 /* Echonet Lite Master Node */ = {
			isa = PBXGroup;
			children = (
				7B7142D91D2A455B0023C4A0 /* main.c */,
				7BBC043B1D338E85009771E0 /* Energy Efficient Thermal Comfort Control */,
				7B7142E91D2A63AC0023C4A0 /* Echonet Lite */,
				7B7142E01D2A48130023C4A0 /* Error */,
				7B7142E11D2A48580023C4A0 /* Network */,
			);
			path = "Echonet Lite Master Node";
			sourceTree = "<group>";
		};
		7B7142E01D2A48130023C4A0 /* Error */ = {
			isa = PBXGroup;
			children = (
				7B7142E21D2A489B0023C4A0 /* error.c */,
				7B7142E31D2A489B0023C4A0 /* error.h */,
			);
			name = Error;
			sourceTree = "<group>";
		};
		7B7142E11D2A48580023C4A0 /* Network */ = {
			isa = PBXGroup;
			children = (
				7B7142E81D2A5E8F0023C4A0 /* network.h */,
				7B7142E51D2A48B30023C4A0 /* network.c */,
			);
			name = Network;
			sourceTree = "<group>";
		};
		7B7142E91D2A63AC0023C4A0 /* Echonet Lite */ = {
			isa = PBXGroup;
			children = (
				7B7142EE1D2A643D0023C4A0 /* echonet_lite.c */,
				7B7142EF1D2A643D0023C4A0 /* echonet_lite.h */,
			);
			name = "Echonet Lite";
			sourceTree = "<group>";
		};
		7BBC043B1D338E85009771E0 /* Energy Efficient Thermal Comfort Control */ = {
			isa = PBXGroup;
			children = (
				7BBC043C1D338EBA009771E0 /* EETCC.c */,
				7BBC043D1D338EBA009771E0 /* EETCC.h */,
			);
			name = "Energy Efficient Thermal Comfort Control";
			sourceTree = "<group>";
		};
/* End PBXGroup section */

/* Begin PBXNativeTarget section */
		7B7142D51D2A455B0023C4A0 /* Echonet Lite Master Node */ = {
			isa = PBXNativeTarget;
			buildConfigurationList = 7B7142DD1D2A455B0023C4A0 /* Build configuration list for PBXNativeTarget "Echonet Lite Master Node" */;
			buildPhases = (
				7B7142D21D2A455B0023C4A0 /* Sources */,
				7B7142D31D2A455B0023C4A0 /* Frameworks */,
				7B7142D41D2A455B0023C4A0 /* CopyFiles */,
			);
			buildRules = (
			);
			dependencies = (
			);
			name = "Echonet Lite Master Node";
			productName = "Echonet Lite Master Node";
			productReference = 7B7142D61D2A455B0023C4A0 /* Echonet Lite Master Node */;
			productType = "com.apple.product-type.tool";
		};
/* End PBXNativeTarget section */

/* Begin PBXProject section */
		7B7142CE1D2A455B0023C4A0 /* Project object */ = {
			isa = PBXProject;
			attributes = {
				LastUpgradeCheck = 0730;
				ORGANIZATIONNAME = QuadCube;
				TargetAttributes = {
					7B7142D51D2A455B0023C4A0 = {
						CreatedOnToolsVersion = 7.3.1;
					};
				};
			};
			buildConfigurationList = 7B7142D11D2A455B0023C4A0 /* Build configuration list for PBXProject "Echonet Lite Master Node" */;
			compatibilityVersion = "Xcode 3.2";
			developmentRegion = English;
			hasScannedForEncodings = 0;
			knownRegions = (
				en,
			);
			mainGroup = 7B7142CD1D2A455B0023C4A0;
			productRefGroup = 7B7142D71D2A455B0023C4A0 /* Products */;
			projectDirPath = "";
			projectRoot = "";
			targets = (
				7B7142D51D2A455B0023C4A0 /* Echonet Lite Master Node */,
			);
		};
/* End PBXProject section */

/* Begin PBXSourcesBuildPhase section */
		7B7142D21D2A455B0023C4A0 /* Sources */ = {
			isa = PBXSourcesBuildPhase;
			buildActionMask = 2147483647;
			files = (
				7B7142E71D2A48B30023C4A0 /* network.c in Sources */,
				7B7142E41D2A489B0023C4A0 /* error.c in Sources */,
				7BBC043E1D338EBA009771E0 /* EETCC.c in Sources */,
				7B7142F01D2A643D0023C4A0 /* echonet_lite.c in Sources */,
				7B7142DA1D2A455B0023C4A0 /* main.c in Sources */,
			);
			runOnlyForDeploymentPostprocessing = 0;
		};
/* End PBXSourcesBuildPhase section */

/* Begin XCBuildConfiguration section */
		7B7142DB1D2A455B0023C4A0 /* Debug */ = {
			isa = XCBuildConfiguration;
			buildSettings = {
				ALWAYS_SEARCH_USER_PATHS = NO;
				CLANG_ANALYZER_NONNULL = YES;
				CLANG_CXX_LANGUAGE_STANDARD = "gnu++0x";
				CLANG_CXX_LIBRARY = "libc++";
				CLANG_ENABLE_MODULES = YES;
				CLANG_ENABLE_OBJC_ARC = YES;
				CLANG_WARN_BOOL_CONVERSION = YES;
				CLANG_WARN_CONSTANT_CONVERSION = YES;
				CLANG_WARN_DIRECT_OBJC_ISA_USAGE = YES_ERROR;
				CLANG_WARN_EMPTY_BODY = YES;
				CLANG_WARN_ENUM_CONVERSION = YES;
				CLANG_WARN_INT_CONVERSION = YES;
				CLANG_WARN_OBJC_ROOT_CLASS = YES_ERROR;
				CLANG_WARN_UNREACHABLE_CODE = YES;
				CLANG_WARN__DUPLICATE_METHOD_MATCH = YES;
				CODE_SIGN_IDENTITY = "-";
				COPY_PHASE_STRIP = NO;
				DEBUG_INFORMATION_FORMAT = dwarf;
				ENABLE_STRICT_OBJC_MSGSEND = YES;
				ENABLE_TESTABILITY = YES;
				GCC_C_LANGUAGE_STANDARD = gnu99;
				GCC_DYNAMIC_NO_PIC = NO;
				GCC_NO_COMMON_BLOCKS = YES;
				GCC_OPTIMIZATION_LEVEL = 0;
				GCC_PREPROCESSOR_DEFINITIONS = (
					"DEBUG=1",
					"$(inherited)",
				);
				GCC_WARN_64_TO_32_BIT_CONVERSION = YES;
				GCC_WARN_ABOUT_RETURN_TYPE = YES_ERROR;
				GCC_WARN_UNDECLARED_SELECTOR = YES;
				GCC_WARN_UNINITIALIZED_AUTOS = YES_AGGRESSIVE;
				GCC_WARN_UNUSED_FUNCTION = YES;
				GCC_WARN_UNUSED_VARIABLE = YES;
				MACOSX_DEPLOYMENT_TARGET = 10.11;
				MTL_ENABLE_DEBUG_INFO = YES;
				ONLY_ACTIVE_ARCH = YES;
				SDKROOT = macosx;
			};
			name = Debug;
		};
		7B7142DC1D2A455B0023C4A0 /* Release */ = {
			isa = XCBuildConfiguration;
			buildSettings = {
				ALWAYS_SEARCH_USER_PATHS = NO;
				CLANG_ANALYZER_NONNULL = YES;
				CLANG_CXX_LANGUAGE_STANDARD = "gnu++0x";
				CLANG_CXX_LIBRARY = "libc++";
				CLANG_ENABLE_MODULES = YES;
				CLANG_ENABLE_OBJC_ARC = YES;
				CLANG_WARN_BOOL_CONVERSION = YES;
				CLANG_WARN_CONSTANT_CONVERSION = YES;
				CLANG_WARN_DIRECT_OBJC_ISA_USAGE = YES_ERROR;
				CLANG_WARN_EMPTY_BODY = YES;
				CLANG_WARN_ENUM_CONVERSION = YES;
				CLANG_WARN_INT_CONVERSION = YES;
				CLANG_WARN_OBJC_ROOT_CLASS = YES_ERROR;
				CLANG_WARN_UNREACHABLE_CODE = YES;
				CLANG_WARN__DUPLICATE_METHOD_MATCH = YES;
				CODE_SIGN_IDENTITY = "-";
				COPY_PHASE_STRIP = NO;
				DEBUG_INFORMATION_FORMAT = "dwarf-with-dsym";
				ENABLE_NS_ASSERTIONS = NO;
				ENABLE_STRICT_OBJC_MSGSEND = YES;
				GCC_C_LANGUAGE_STANDARD = gnu99;
				GCC_NO_COMMON_BLOCKS = YES;
				GCC_WARN_64_TO_32_BIT_CONVERSION = YES;
				GCC_WARN_ABOUT_RETURN_TYPE = YES_ERROR;
				GCC_WARN_UNDECLARED_SELECTOR = YES;
				GCC_WARN_UNINITIALIZED_AUTOS = YES_AGGRESSIVE;
				GCC_WARN_UNUSED_FUNCTION = YES;
				GCC_WARN_UNUSED_VARIABLE = YES;
				MACOSX_DEPLOYMENT_TARGET = 10.11;
				MTL_ENABLE_DEBUG_INFO = NO;
				SDKROOT = macosx;
			};
			name = Release;
		};
		7B7142DE1D2A455B0023C4A0 /* Debug */ = {
			isa = XCBuildConfiguration;
			buildSettings = {
				PRODUCT_NAME = "$(TARGET_NAME)";
			};
			name = Debug;
		};
		7B7142DF1D2A455B0023C4A0 /* Release */ = {
			isa = XCBuildConfiguration;
			buildSettings = {
				PRODUCT_NAME = "$(TARGET_NAME)";
			};
			name = Release;
		};
/* End XCBuildConfiguration section */

/* Begin XCConfigurationList section */
		7B7142D11D2A455B0023C4A0 /* Build configuration list for PBXProject "Echonet Lite Master Node" */ = {
			isa = XCConfigurationList;
			buildConfigurations = (
				7B7142DB1D2A455B0023C4A0 /* Debug */,
				7B7142DC1D2A455B0023C4A0 /* Release */,
			);
			defaultConfigurationIsVisible = 0;
			defaultConfigurationName = Release;
		};
		7B7142DD1D2A455B0023C4A0 /* Build configuration list for PBXNativeTarget "Echonet Lite Master Node" */ = {
			isa = XCConfigurationList;
			buildConfigurations = (
				7B7142DE1D2A455B0023C4A0 /* Debug */,
				7B7142DF1D2A455B0023C4A0 /* Release */,
			);
			defaultConfigurationIsVisible = 0;
			defaultConfigurationName = Release;
		};
/* End XCConfigurationList section */
	};
	rootObject = 7B7142CE1D2A455B0023C4A0 /* Project object */;
}
